// !$*UTF8*$!
{
	archiveVersion = 1;
	classes = {
	};
	objectVersion = 46;
	objects = {

/* Begin PBXBuildFile section */
		F261107C1D14FD7C009350E0 /* AppDelegate.swift in Sources */ = {isa = PBXBuildFile; fileRef = F261107B1D14FD7C009350E0 /* AppDelegate.swift */; };
		F261107E1D14FD7C009350E0 /* ViewController.swift in Sources */ = {isa = PBXBuildFile; fileRef = F261107D1D14FD7C009350E0 /* ViewController.swift */; };
		F26110811D14FD7C009350E0 /* Main.storyboard in Resources */ = {isa = PBXBuildFile; fileRef = F261107F1D14FD7C009350E0 /* Main.storyboard */; };
		F26110831D14FD7C009350E0 /* Images.xcassets in Resources */ = {isa = PBXBuildFile; fileRef = F26110821D14FD7C009350E0 /* Images.xcassets */; };
		F26110861D14FD7C009350E0 /* LaunchScreen.xib in Resources */ = {isa = PBXBuildFile; fileRef = F26110841D14FD7C009350E0 /* LaunchScreen.xib */; };
		F26110921D14FD7C009350E0 /* PrimehumanTests.swift in Sources */ = {isa = PBXBuildFile; fileRef = F26110911D14FD7C009350E0 /* PrimehumanTests.swift */; };
/* End PBXBuildFile section */

/* Begin PBXContainerItemProxy section */
		F261108C1D14FD7C009350E0 /* PBXContainerItemProxy */ = {
			isa = PBXContainerItemProxy;
			containerPortal = F261106E1D14FD7C009350E0 /* Project object */;
			proxyType = 1;
			remoteGlobalIDString = F26110751D14FD7C009350E0;
			remoteInfo = Primehuman;
		};
/* End PBXContainerItemProxy section */

/* Begin PBXFileReference section */
		F26110761D14FD7C009350E0 /* Primehuman.app */ = {isa = PBXFileReference; explicitFileType = wrapper.application; includeInIndex = 0; path = Primehuman.app; sourceTree = BUILT_PRODUCTS_DIR; };
		F261107A1D14FD7C009350E0 /* Info.plist */ = {isa = PBXFileReference; lastKnownFileType = text.plist.xml; path = Info.plist; sourceTree = "<group>"; };
		F261107B1D14FD7C009350E0 /* AppDelegate.swift */ = {isa = PBXFileReference; lastKnownFileType = sourcecode.swift; path = AppDelegate.swift; sourceTree = "<group>"; };
		F261107D1D14FD7C009350E0 /* ViewController.swift */ = {isa = PBXFileReference; lastKnownFileType = sourcecode.swift; path = ViewController.swift; sourceTree = "<group>"; };
		F26110801D14FD7C009350E0 /* Base */ = {isa = PBXFileReference; lastKnownFileType = file.storyboard; name = Base; path = Base.lproj/Main.storyboard; sourceTree = "<group>"; };
		F26110821D14FD7C009350E0 /* Images.xcassets */ = {isa = PBXFileReference; lastKnownFileType = folder.assetcatalog; path = Images.xcassets; sourceTree = "<group>"; };
		F26110851D14FD7C009350E0 /* Base */ = {isa = PBXFileReference; lastKnownFileType = file.xib; name = Base; path = Base.lproj/LaunchScreen.xib; sourceTree = "<group>"; };
		F261108B1D14FD7C009350E0 /* PrimehumanTests.xctest */ = {isa = PBXFileReference; explicitFileType = wrapper.cfbundle; includeInIndex = 0; path = PrimehumanTests.xctest; sourceTree = BUILT_PRODUCTS_DIR; };
		F26110901D14FD7C009350E0 /* Info.plist */ = {isa = PBXFileReference; lastKnownFileType = text.plist.xml; path = Info.plist; sourceTree = "<group>"; };
		F26110911D14FD7C009350E0 /* PrimehumanTests.swift */ = {isa = PBXFileReference; lastKnownFileType = sourcecode.swift; path = PrimehumanTests.swift; sourceTree = "<group>"; };
/* End PBXFileReference section */

/* Begin PBXFrameworksBuildPhase section */
		F26110731D14FD7C009350E0 /* Frameworks */ = {
			isa = PBXFrameworksBuildPhase;
			buildActionMask = 2147483647;
			files = (
			);
			runOnlyForDeploymentPostprocessing = 0;
		};
		F26110881D14FD7C009350E0 /* Frameworks */ = {
			isa = PBXFrameworksBuildPhase;
			buildActionMask = 2147483647;
			files = (
			);
			runOnlyForDeploymentPostprocessing = 0;
		};
/* End PBXFrameworksBuildPhase section */

/* Begin PBXGroup section */
		F261106D1D14FD7C009350E0 = {
			isa = PBXGroup;
			children = (
				F26110781D14FD7C009350E0 /* Primehuman */,
				F261108E1D14FD7C009350E0 /* PrimehumanTests */,
				F26110771D14FD7C009350E0 /* Products */,
			);
			sourceTree = "<group>";
		};
		F26110771D14FD7C009350E0 /* Products */ = {
			isa = PBXGroup;
			children = (
				F26110761D14FD7C009350E0 /* Primehuman.app */,
				F261108B1D14FD7C009350E0 /* PrimehumanTests.xctest */,
			);
			name = Products;
			sourceTree = "<group>";
		};
		F26110781D14FD7C009350E0 /* Primehuman */ = {
			isa = PBXGroup;
			children = (
				F261107B1D14FD7C009350E0 /* AppDelegate.swift */,
				F261107D1D14FD7C009350E0 /* ViewController.swift */,
				F261107F1D14FD7C009350E0 /* Main.storyboard */,
				F26110821D14FD7C009350E0 /* Images.xcassets */,
				F26110841D14FD7C009350E0 /* LaunchScreen.xib */,
				F26110791D14FD7C009350E0 /* Supporting Files */,
			);
			path = Primehuman;
			sourceTree = "<group>";
		};
		F26110791D14FD7C009350E0 /* Supporting Files */ = {
			isa = PBXGroup;
			children = (
				F261107A1D14FD7C009350E0 /* Info.plist */,
			);
			name = "Supporting Files";
			sourceTree = "<group>";
		};
		F261108E1D14FD7C009350E0 /* PrimehumanTests */ = {
			isa = PBXGroup;
			children = (
				F26110911D14FD7C009350E0 /* PrimehumanTests.swift */,
				F261108F1D14FD7C009350E0 /* Supporting Files */,
			);
			path = PrimehumanTests;
			sourceTree = "<group>";
		};
		F261108F1D14FD7C009350E0 /* Supporting Files */ = {
			isa = PBXGroup;
			children = (
				F26110901D14FD7C009350E0 /* Info.plist */,
			);
			name = "Supporting Files";
			sourceTree = "<group>";
		};
/* End PBXGroup section */

/* Begin PBXNativeTarget section */
		F26110751D14FD7C009350E0 /* Primehuman */ = {
			isa = PBXNativeTarget;
			buildConfigurationList = F26110951D14FD7C009350E0 /* Build configuration list for PBXNativeTarget "Primehuman" */;
			buildPhases = (
				F26110721D14FD7C009350E0 /* Sources */,
				F26110731D14FD7C009350E0 /* Frameworks */,
				F26110741D14FD7C009350E0 /* Resources */,
			);
			buildRules = (
			);
			dependencies = (
			);
			name = Primehuman;
			productName = Primehuman;
			productReference = F26110761D14FD7C009350E0 /* Primehuman.app */;
			productType = "com.apple.product-type.application";
		};
		F261108A1D14FD7C009350E0 /* PrimehumanTests */ = {
			isa = PBXNativeTarget;
			buildConfigurationList = F26110981D14FD7C009350E0 /* Build configuration list for PBXNativeTarget "PrimehumanTests" */;
			buildPhases = (
				F26110871D14FD7C009350E0 /* Sources */,
				F26110881D14FD7C009350E0 /* Frameworks */,
				F26110891D14FD7C009350E0 /* Resources */,
			);
			buildRules = (
			);
			dependencies = (
				F261108D1D14FD7C009350E0 /* PBXTargetDependency */,
			);
			name = PrimehumanTests;
			productName = PrimehumanTests;
			productReference = F261108B1D14FD7C009350E0 /* PrimehumanTests.xctest */;
			productType = "com.apple.product-type.bundle.unit-test";
		};
/* End PBXNativeTarget section */

/* Begin PBXProject section */
		F261106E1D14FD7C009350E0 /* Project object */ = {
			isa = PBXProject;
			attributes = {
				LastUpgradeCheck = 0630;
				ORGANIZATIONNAME = "佐藤 駿郎";
				TargetAttributes = {
					F26110751D14FD7C009350E0 = {
						CreatedOnToolsVersion = 6.3.2;
					};
					F261108A1D14FD7C009350E0 = {
						CreatedOnToolsVersion = 6.3.2;
						TestTargetID = F26110751D14FD7C009350E0;
					};
				};
			};
			buildConfigurationList = F26110711D14FD7C009350E0 /* Build configuration list for PBXProject "Primehuman" */;
			compatibilityVersion = "Xcode 3.2";
			developmentRegion = English;
			hasScannedForEncodings = 0;
			knownRegions = (
				en,
				Base,
			);
			mainGroup = F261106D1D14FD7C009350E0;
			productRefGroup = F26110771D14FD7C009350E0 /* Products */;
			projectDirPath = "";
			projectRoot = "";
			targets = (
				F26110751D14FD7C009350E0 /* Primehuman */,
				F261108A1D14FD7C009350E0 /* PrimehumanTests */,
			);
		};
/* End PBXProject section */

/* Begin PBXResourcesBuildPhase section */
		F26110741D14FD7C009350E0 /* Resources */ = {
			isa = PBXResourcesBuildPhase;
			buildActionMask = 2147483647;
			files = (
				F26110811D14FD7C009350E0 /* Main.storyboard in Resources */,
				F26110861D14FD7C009350E0 /* LaunchScreen.xib in Resources */,
				F26110831D14FD7C009350E0 /* Images.xcassets in Resources */,
			);
			runOnlyForDeploymentPostprocessing = 0;
		};
		F26110891D14FD7C009350E0 /* Resources */ = {
			isa = PBXResourcesBuildPhase;
			buildActionMask = 2147483647;
			files = (
			);
			runOnlyForDeploymentPostprocessing = 0;
		};
/* End PBXResourcesBuildPhase section */

/* Begin PBXSourcesBuildPhase section */
		F26110721D14FD7C009350E0 /* Sources */ = {
			isa = PBXSourcesBuildPhase;
			buildActionMask = 2147483647;
			files = (
				F261107E1D14FD7C009350E0 /* ViewController.swift in Sources */,
				F261107C1D14FD7C009350E0 /* AppDelegate.swift in Sources */,
			);
			runOnlyForDeploymentPostprocessing = 0;
		};
		F26110871D14FD7C009350E0 /* Sources */ = {
			isa = PBXSourcesBuildPhase;
			buildActionMask = 2147483647;
			files = (
				F26110921D14FD7C009350E0 /* PrimehumanTests.swift in Sources */,
			);
			runOnlyForDeploymentPostprocessing = 0;
		};
/* End PBXSourcesBuildPhase section */

/* Begin PBXTargetDependency section */
		F261108D1D14FD7C009350E0 /* PBXTargetDependency */ = {
			isa = PBXTargetDependency;
			target = F26110751D14FD7C009350E0 /* Primehuman */;
			targetProxy = F261108C1D14FD7C009350E0 /* PBXContainerItemProxy */;
		};
/* End PBXTargetDependency section */

/* Begin PBXVariantGroup section */
		F261107F1D14FD7C009350E0 /* Main.storyboard */ = {
			isa = PBXVariantGroup;
			children = (
				F26110801D14FD7C009350E0 /* Base */,
			);
			name = Main.storyboard;
			sourceTree = "<group>";
		};
		F26110841D14FD7C009350E0 /* LaunchScreen.xib */ = {
			isa = PBXVariantGroup;
			children = (
				F26110851D14FD7C009350E0 /* Base */,
			);
			name = LaunchScreen.xib;
			sourceTree = "<group>";
		};
/* End PBXVariantGroup section */

/* Begin XCBuildConfiguration section */
		F26110931D14FD7C009350E0 /* Debug */ = {
			isa = XCBuildConfiguration;
			buildSettings = {
				ALWAYS_SEARCH_USER_PATHS = NO;
				CLANG_CXX_LANGUAGE_STANDARD = "gnu++0x";
				CLANG_CXX_LIBRARY = "libc++";
				CLANG_ENABLE_MODULES = YES;
				CLANG_ENABLE_OBJC_ARC = YES;
				CLANG_WARN_BOOL_CONVERSION = YES;
				CLANG_WARN_CONSTANT_CONVERSION = YES;
				CLANG_WARN_DIRECT_OBJC_ISA_USAGE = YES_ERROR;
				CLANG_WARN_EMPTY_BODY = YES;
				CLANG_WARN_ENUM_CONVERSION = YES;
				CLANG_WARN_INT_CONVERSION = YES;
				CLANG_WARN_OBJC_ROOT_CLASS = YES_ERROR;
				CLANG_WARN_UNREACHABLE_CODE = YES;
				CLANG_WARN__DUPLICATE_METHOD_MATCH = YES;
				"CODE_SIGN_IDENTITY[sdk=iphoneos*]" = "iPhone Developer";
				COPY_PHASE_STRIP = NO;
				DEBUG_INFORMATION_FORMAT = "dwarf-with-dsym";
				ENABLE_STRICT_OBJC_MSGSEND = YES;
				GCC_C_LANGUAGE_STANDARD = gnu99;
				GCC_DYNAMIC_NO_PIC = NO;
				GCC_NO_COMMON_BLOCKS = YES;
				GCC_OPTIMIZATION_LEVEL = 0;
				GCC_PREPROCESSOR_DEFINITIONS = (
					"DEBUG=1",
					"$(inherited)",
				);
				GCC_SYMBOLS_PRIVATE_EXTERN = NO;
				GCC_WARN_64_TO_32_BIT_CONVERSION = YES;
				GCC_WARN_ABOUT_RETURN_TYPE = YES_ERROR;
				GCC_WARN_UNDECLARED_SELECTOR = YES;
				GCC_WARN_UNINITIALIZED_AUTOS = YES_AGGRESSIVE;
				GCC_WARN_UNUSED_FUNCTION = YES;
				GCC_WARN_UNUSED_VARIABLE = YES;
				IPHONEOS_DEPLOYMENT_TARGET = 8.3;
				MTL_ENABLE_DEBUG_INFO = YES;
				ONLY_ACTIVE_ARCH = YES;
				SDKROOT = iphoneos;
				SWIFT_OPTIMIZATION_LEVEL = "-Onone";
			};
			name = Debug;
		};
		F26110941D14FD7C009350E0 /* Release */ = {
			isa = XCBuildConfiguration;
			buildSettings = {
				ALWAYS_SEARCH_USER_PATHS = NO;
				CLANG_CXX_LANGUAGE_STANDARD = "gnu++0x";
				CLANG_CXX_LIBRARY = "libc++";
				CLANG_ENABLE_MODULES = YES;
				CLANG_ENABLE_OBJC_ARC = YES;
				CLANG_WARN_BOOL_CONVERSION = YES;
				CLANG_WARN_CONSTANT_CONVERSION = YES;
				CLANG_WARN_DIRECT_OBJC_ISA_USAGE = YES_ERROR;
				CLANG_WARN_EMPTY_BODY = YES;
				CLANG_WARN_ENUM_CONVERSION = YES;
				CLANG_WARN_INT_CONVERSION = YES;
				CLANG_WARN_OBJC_ROOT_CLASS = YES_ERROR;
				CLANG_WARN_UNREACHABLE_CODE = YES;
				CLANG_WARN__DUPLICATE_METHOD_MATCH = YES;
				"CODE_SIGN_IDENTITY[sdk=iphoneos*]" = "iPhone Developer";
				COPY_PHASE_STRIP = NO;
				DEBUG_INFORMATION_FORMAT = "dwarf-with-dsym";
				ENABLE_NS_ASSERTIONS = NO;
				ENABLE_STRICT_OBJC_MSGSEND = YES;
				GCC_C_LANGUAGE_STANDARD = gnu99;
				GCC_NO_COMMON_BLOCKS = YES;
				GCC_WARN_64_TO_32_BIT_CONVERSION = YES;
				GCC_WARN_ABOUT_RETURN_TYPE = YES_ERROR;
				GCC_WARN_UNDECLARED_SELECTOR = YES;
				GCC_WARN_UNINITIALIZED_AUTOS = YES_AGGRESSIVE;
				GCC_WARN_UNUSED_FUNCTION = YES;
				GCC_WARN_UNUSED_VARIABLE = YES;
				IPHONEOS_DEPLOYMENT_TARGET = 8.3;
				MTL_ENABLE_DEBUG_INFO = NO;
				SDKROOT = iphoneos;
				VALIDATE_PRODUCT = YES;
			};
			name = Release;
		};
		F26110961D14FD7C009350E0 /* Debug */ = {
			isa = XCBuildConfiguration;
			buildSettings = {
				ASSETCATALOG_COMPILER_APPICON_NAME = AppIcon;
				INFOPLIST_FILE = Primehuman/Info.plist;
				LD_RUNPATH_SEARCH_PATHS = "$(inherited) @executable_path/Frameworks";
				PRODUCT_NAME = "$(TARGET_NAME)";
			};
			name = Debug;
		};
		F26110971D14FD7C009350E0 /* Release */ = {
			isa = XCBuildConfiguration;
			buildSettings = {
				ASSETCATALOG_COMPILER_APPICON_NAME = AppIcon;
				INFOPLIST_FILE = Primehuman/Info.plist;
				LD_RUNPATH_SEARCH_PATHS = "$(inherited) @executable_path/Frameworks";
				PRODUCT_NAME = "$(TARGET_NAME)";
			};
			name = Release;
		};
		F26110991D14FD7C009350E0 /* Debug */ = {
			isa = XCBuildConfiguration;
			buildSettings = {
				BUNDLE_LOADER = "$(TEST_HOST)";
				FRAMEWORK_SEARCH_PATHS = (
					"$(SDKROOT)/Developer/Library/Frameworks",
					"$(inherited)",
				);
				GCC_PREPROCESSOR_DEFINITIONS = (
					"DEBUG=1",
					"$(inherited)",
				);
				INFOPLIST_FILE = PrimehumanTests/Info.plist;
				LD_RUNPATH_SEARCH_PATHS = "$(inherited) @executable_path/Frameworks @loader_path/Frameworks";
				PRODUCT_NAME = "$(TARGET_NAME)";
				TEST_HOST = "$(BUILT_PRODUCTS_DIR)/Primehuman.app/Primehuman";
			};
			name = Debug;
		};
		F261109A1D14FD7C009350E0 /* Release */ = {
			isa = XCBuildConfiguration;
			buildSettings = {
				BUNDLE_LOADER = "$(TEST_HOST)";
				FRAMEWORK_SEARCH_PATHS = (
					"$(SDKROOT)/Developer/Library/Frameworks",
					"$(inherited)",
				);
				INFOPLIST_FILE = PrimehumanTests/Info.plist;
				LD_RUNPATH_SEARCH_PATHS = "$(inherited) @executable_path/Frameworks @loader_path/Frameworks";
				PRODUCT_NAME = "$(TARGET_NAME)";
				TEST_HOST = "$(BUILT_PRODUCTS_DIR)/Primehuman.app/Primehuman";
			};
			name = Release;
		};
/* End XCBuildConfiguration section */

/* Begin XCConfigurationList section */
		F26110711D14FD7C009350E0 /* Build configuration list for PBXProject "Primehuman" */ = {
			isa = XCConfigurationList;
			buildConfigurations = (
				F26110931D14FD7C009350E0 /* Debug */,
				F26110941D14FD7C009350E0 /* Release */,
			);
			defaultConfigurationIsVisible = 0;
			defaultConfigurationName = Release;
		};
		F26110951D14FD7C009350E0 /* Build configuration list for PBXNativeTarget "Primehuman" */ = {
			isa = XCConfigurationList;
			buildConfigurations = (
				F26110961D14FD7C009350E0 /* Debug */,
				F26110971D14FD7C009350E0 /* Release */,
			);
			defaultConfigurationIsVisible = 0;
		};
		F26110981D14FD7C009350E0 /* Build configuration list for PBXNativeTarget "PrimehumanTests" */ = {
			isa = XCConfigurationList;
			buildConfigurations = (
				F26110991D14FD7C009350E0 /* Debug */,
				F261109A1D14FD7C009350E0 /* Release */,
			);
			defaultConfigurationIsVisible = 0;
		};
/* End XCConfigurationList section */
	};
	rootObject = F261106E1D14FD7C009350E0 /* Project object */;
}
